// !$*UTF8*$!
{
	archiveVersion = 1;
	classes = {
	};
	objectVersion = 50;
	objects = {

/* Begin PBXBuildFile section */
		EE0CD1E526A2F972000FBA84 /* AppDelegate.swift in Sources */ = {isa = PBXBuildFile; fileRef = EE0CD1E426A2F972000FBA84 /* AppDelegate.swift */; };
		EE0CD1E726A2F972000FBA84 /* SceneDelegate.swift in Sources */ = {isa = PBXBuildFile; fileRef = EE0CD1E626A2F972000FBA84 /* SceneDelegate.swift */; };
		EE0CD1E926A2F972000FBA84 /* ViewController.swift in Sources */ = {isa = PBXBuildFile; fileRef = EE0CD1E826A2F972000FBA84 /* ViewController.swift */; };
		EE0CD1EC26A2F972000FBA84 /* Main.storyboard in Resources */ = {isa = PBXBuildFile; fileRef = EE0CD1EA26A2F972000FBA84 /* Main.storyboard */; };
		EE0CD1EE26A2F973000FBA84 /* Assets.xcassets in Resources */ = {isa = PBXBuildFile; fileRef = EE0CD1ED26A2F973000FBA84 /* Assets.xcassets */; };
		EE0CD1F126A2F973000FBA84 /* LaunchScreen.storyboard in Resources */ = {isa = PBXBuildFile; fileRef = EE0CD1EF26A2F973000FBA84 /* LaunchScreen.storyboard */; };
/* End PBXBuildFile section */

/* Begin PBXFileReference section */
		EE0CD1E126A2F972000FBA84 /* lesson11 homeWork.app */ = {isa = PBXFileReference; explicitFileType = wrapper.application; includeInIndex = 0; path = "lesson11 homeWork.app"; sourceTree = BUILT_PRODUCTS_DIR; };
		EE0CD1E426A2F972000FBA84 /* AppDelegate.swift */ = {isa = PBXFileReference; lastKnownFileType = sourcecode.swift; path = AppDelegate.swift; sourceTree = "<group>"; };
		EE0CD1E626A2F972000FBA84 /* SceneDelegate.swift */ = {isa = PBXFileReference; lastKnownFileType = sourcecode.swift; path = SceneDelegate.swift; sourceTree = "<group>"; };
		EE0CD1E826A2F972000FBA84 /* ViewController.swift */ = {isa = PBXFileReference; lastKnownFileType = sourcecode.swift; path = ViewController.swift; sourceTree = "<group>"; };
		EE0CD1EB26A2F972000FBA84 /* Base */ = {isa = PBXFileReference; lastKnownFileType = file.storyboard; name = Base; path = Base.lproj/Main.storyboard; sourceTree = "<group>"; };
		EE0CD1ED26A2F973000FBA84 /* Assets.xcassets */ = {isa = PBXFileReference; lastKnownFileType = folder.assetcatalog; path = Assets.xcassets; sourceTree = "<group>"; };
		EE0CD1F026A2F973000FBA84 /* Base */ = {isa = PBXFileReference; lastKnownFileType = file.storyboard; name = Base; path = Base.lproj/LaunchScreen.storyboard; sourceTree = "<group>"; };
		EE0CD1F226A2F973000FBA84 /* Info.plist */ = {isa = PBXFileReference; lastKnownFileType = text.plist.xml; path = Info.plist; sourceTree = "<group>"; };
/* End PBXFileReference section */

/* Begin PBXFrameworksBuildPhase section */
		EE0CD1DE26A2F972000FBA84 /* Frameworks */ = {
			isa = PBXFrameworksBuildPhase;
			buildActionMask = 2147483647;
			files = (
			);
			runOnlyForDeploymentPostprocessing = 0;
		};
/* End PBXFrameworksBuildPhase section */

/* Begin PBXGroup section */
		EE0CD1D826A2F972000FBA84 = {
			isa = PBXGroup;
			children = (
				EE0CD1E326A2F972000FBA84 /* lesson11 homeWork */,
				EE0CD1E226A2F972000FBA84 /* Products */,
			);
			sourceTree = "<group>";
		};
		EE0CD1E226A2F972000FBA84 /* Products */ = {
			isa = PBXGroup;
			children = (
				EE0CD1E126A2F972000FBA84 /* lesson11 homeWork.app */,
			);
			name = Products;
			sourceTree = "<group>";
		};
		EE0CD1E326A2F972000FBA84 /* lesson11 homeWork */ = {
			isa = PBXGroup;
			children = (
				EE0CD1E426A2F972000FBA84 /* AppDelegate.swift */,
				EE0CD1E626A2F972000FBA84 /* SceneDelegate.swift */,
				EE0CD1E826A2F972000FBA84 /* ViewController.swift */,
				EE0CD1EA26A2F972000FBA84 /* Main.storyboard */,
				EE0CD1ED26A2F973000FBA84 /* Assets.xcassets */,
				EE0CD1EF26A2F973000FBA84 /* LaunchScreen.storyboard */,
				EE0CD1F226A2F973000FBA84 /* Info.plist */,
			);
			path = "lesson11 homeWork";
			sourceTree = "<group>";
		};
/* End PBXGroup section */

/* Begin PBXNativeTarget section */
		EE0CD1E026A2F972000FBA84 /* lesson11 homeWork */ = {
			isa = PBXNativeTarget;
			buildConfigurationList = EE0CD1F526A2F973000FBA84 /* Build configuration list for PBXNativeTarget "lesson11 homeWork" */;
			buildPhases = (
				EE0CD1DD26A2F972000FBA84 /* Sources */,
				EE0CD1DE26A2F972000FBA84 /* Frameworks */,
				EE0CD1DF26A2F972000FBA84 /* Resources */,
			);
			buildRules = (
			);
			dependencies = (
			);
			name = "lesson11 homeWork";
			productName = "lesson11 homeWork";
			productReference = EE0CD1E126A2F972000FBA84 /* lesson11 homeWork.app */;
			productType = "com.apple.product-type.application";
		};
/* End PBXNativeTarget section */

/* Begin PBXProject section */
		EE0CD1D926A2F972000FBA84 /* Project object */ = {
			isa = PBXProject;
			attributes = {
				LastSwiftUpdateCheck = 1250;
				LastUpgradeCheck = 1250;
				TargetAttributes = {
					EE0CD1E026A2F972000FBA84 = {
						CreatedOnToolsVersion = 12.5;
					};
				};
			};
			buildConfigurationList = EE0CD1DC26A2F972000FBA84 /* Build configuration list for PBXProject "lesson11 homeWork" */;
			compatibilityVersion = "Xcode 9.3";
			developmentRegion = en;
			hasScannedForEncodings = 0;
			knownRegions = (
				en,
				Base,
			);
			mainGroup = EE0CD1D826A2F972000FBA84;
			productRefGroup = EE0CD1E226A2F972000FBA84 /* Products */;
			projectDirPath = "";
			projectRoot = "";
			targets = (
				EE0CD1E026A2F972000FBA84 /* lesson11 homeWork */,
			);
		};
/* End PBXProject section */

/* Begin PBXResourcesBuildPhase section */
		EE0CD1DF26A2F972000FBA84 /* Resources */ = {
			isa = PBXResourcesBuildPhase;
			buildActionMask = 2147483647;
			files = (
				EE0CD1F126A2F973000FBA84 /* LaunchScreen.storyboard in Resources */,
				EE0CD1EE26A2F973000FBA84 /* Assets.xcassets in Resources */,
				EE0CD1EC26A2F972000FBA84 /* Main.storyboard in Resources */,
			);
			runOnlyForDeploymentPostprocessing = 0;
		};
/* End PBXResourcesBuildPhase section */

/* Begin PBXSourcesBuildPhase section */
		EE0CD1DD26A2F972000FBA84 /* Sources */ = {
			isa = PBXSourcesBuildPhase;
			buildActionMask = 2147483647;
			files = (
				EE0CD1E926A2F972000FBA84 /* ViewController.swift in Sources */,
				EE0CD1E526A2F972000FBA84 /* AppDelegate.swift in Sources */,
				EE0CD1E726A2F972000FBA84 /* SceneDelegate.swift in Sources */,
			);
			runOnlyForDeploymentPostprocessing = 0;
		};
/* End PBXSourcesBuildPhase section */

/* Begin PBXVariantGroup section */
		EE0CD1EA26A2F972000FBA84 /* Main.storyboard */ = {
			isa = PBXVariantGroup;
			children = (
				EE0CD1EB26A2F972000FBA84 /* Base */,
			);
			name = Main.storyboard;
			sourceTree = "<group>";
		};
		EE0CD1EF26A2F973000FBA84 /* LaunchScreen.storyboard */ = {
			isa = PBXVariantGroup;
			children = (
				EE0CD1F026A2F973000FBA84 /* Base */,
			);
			name = LaunchScreen.storyboard;
			sourceTree = "<group>";
		};
/* End PBXVariantGroup section */

/* Begin XCBuildConfiguration section */
		EE0CD1F326A2F973000FBA84 /* Debug */ = {
			isa = XCBuildConfiguration;
			buildSettings = {
				ALWAYS_SEARCH_USER_PATHS = NO;
				CLANG_ANALYZER_NONNULL = YES;
				CLANG_ANALYZER_NUMBER_OBJECT_CONVERSION = YES_AGGRESSIVE;
				CLANG_CXX_LANGUAGE_STANDARD = "gnu++14";
				CLANG_CXX_LIBRARY = "libc++";
				CLANG_ENABLE_MODULES = YES;
				CLANG_ENABLE_OBJC_ARC = YES;
				CLANG_ENABLE_OBJC_WEAK = YES;
				CLANG_WARN_BLOCK_CAPTURE_AUTORELEASING = YES;
				CLANG_WARN_BOOL_CONVERSION = YES;
				CLANG_WARN_COMMA = YES;
				CLANG_WARN_CONSTANT_CONVERSION = YES;
				CLANG_WARN_DEPRECATED_OBJC_IMPLEMENTATIONS = YES;
				CLANG_WARN_DIRECT_OBJC_ISA_USAGE = YES_ERROR;
				CLANG_WARN_DOCUMENTATION_COMMENTS = YES;
				CLANG_WARN_EMPTY_BODY = YES;
				CLANG_WARN_ENUM_CONVERSION = YES;
				CLANG_WARN_INFINITE_RECURSION = YES;
				CLANG_WARN_INT_CONVERSION = YES;
				CLANG_WARN_NON_LITERAL_NULL_CONVERSION = YES;
				CLANG_WARN_OBJC_IMPLICIT_RETAIN_SELF = YES;
				CLANG_WARN_OBJC_LITERAL_CONVERSION = YES;
				CLANG_WARN_OBJC_ROOT_CLASS = YES_ERROR;
				CLANG_WARN_QUOTED_INCLUDE_IN_FRAMEWORK_HEADER = YES;
				CLANG_WARN_RANGE_LOOP_ANALYSIS = YES;
				CLANG_WARN_STRICT_PROTOTYPES = YES;
				CLANG_WARN_SUSPICIOUS_MOVE = YES;
				CLANG_WARN_UNGUARDED_AVAILABILITY = YES_AGGRESSIVE;
				CLANG_WARN_UNREACHABLE_CODE = YES;
				CLANG_WARN__DUPLICATE_METHOD_MATCH = YES;
				COPY_PHASE_STRIP = NO;
				DEBUG_INFORMATION_FORMAT = dwarf;
				ENABLE_STRICT_OBJC_MSGSEND = YES;
				ENABLE_TESTABILITY = YES;
				GCC_C_LANGUAGE_STANDARD = gnu11;
				GCC_DYNAMIC_NO_PIC = NO;
				GCC_NO_COMMON_BLOCKS = YES;
				GCC_OPTIMIZATION_LEVEL = 0;
				GCC_PREPROCESSOR_DEFINITIONS = (
					"DEBUG=1",
					"$(inherited)",
				);
				GCC_WARN_64_TO_32_BIT_CONVERSION = YES;
				GCC_WARN_ABOUT_RETURN_TYPE = YES_ERROR;
				GCC_WARN_UNDECLARED_SELECTOR = YES;
				GCC_WARN_UNINITIALIZED_AUTOS = YES_AGGRESSIVE;
				GCC_WARN_UNUSED_FUNCTION = YES;
				GCC_WARN_UNUSED_VARIABLE = YES;
				IPHONEOS_DEPLOYMENT_TARGET = 14.5;
				MTL_ENABLE_DEBUG_INFO = INCLUDE_SOURCE;
				MTL_FAST_MATH = YES;
				ONLY_ACTIVE_ARCH = YES;
				SDKROOT = iphoneos;
				SWIFT_ACTIVE_COMPILATION_CONDITIONS = DEBUG;
				SWIFT_OPTIMIZATION_LEVEL = "-Onone";
			};
			name = Debug;
		};
		EE0CD1F426A2F973000FBA84 /* Release */ = {
			isa = XCBuildConfiguration;
			buildSettings = {
				ALWAYS_SEARCH_USER_PATHS = NO;
				CLANG_ANALYZER_NONNULL = YES;
				CLANG_ANALYZER_NUMBER_OBJECT_CONVERSION = YES_AGGRESSIVE;
				CLANG_CXX_LANGUAGE_STANDARD = "gnu++14";
				CLANG_CXX_LIBRARY = "libc++";
				CLANG_ENABLE_MODULES = YES;
				CLANG_ENABLE_OBJC_ARC = YES;
				CLANG_ENABLE_OBJC_WEAK = YES;
				CLANG_WARN_BLOCK_CAPTURE_AUTORELEASING = YES;
				CLANG_WARN_BOOL_CONVERSION = YES;
				CLANG_WARN_COMMA = YES;
				CLANG_WARN_CONSTANT_CONVERSION = YES;
				CLANG_WARN_DEPRECATED_OBJC_IMPLEMENTATIONS = YES;
				CLANG_WARN_DIRECT_OBJC_ISA_USAGE = YES_ERROR;
				CLANG_WARN_DOCUMENTATION_COMMENTS = YES;
				CLANG_WARN_EMPTY_BODY = YES;
				CLANG_WARN_ENUM_CONVERSION = YES;
				CLANG_WARN_INFINITE_RECURSION = YES;
				CLANG_WARN_INT_CONVERSION = YES;
				CLANG_WARN_NON_LITERAL_NULL_CONVERSION = YES;
				CLANG_WARN_OBJC_IMPLICIT_RETAIN_SELF = YES;
				CLANG_WARN_OBJC_LITERAL_CONVERSION = YES;
				CLANG_WARN_OBJC_ROOT_CLASS = YES_ERROR;
				CLANG_WARN_QUOTED_INCLUDE_IN_FRAMEWORK_HEADER = YES;
				CLANG_WARN_RANGE_LOOP_ANALYSIS = YES;
				CLANG_WARN_STRICT_PROTOTYPES = YES;
				CLANG_WARN_SUSPICIOUS_MOVE = YES;
				CLANG_WARN_UNGUARDED_AVAILABILITY = YES_AGGRESSIVE;
				CLANG_WARN_UNREACHABLE_CODE = YES;
				CLANG_WARN__DUPLICATE_METHOD_MATCH = YES;
				COPY_PHASE_STRIP = NO;
				DEBUG_INFORMATION_FORMAT = "dwarf-with-dsym";
				ENABLE_NS_ASSERTIONS = NO;
				ENABLE_STRICT_OBJC_MSGSEND = YES;
				GCC_C_LANGUAGE_STANDARD = gnu11;
				GCC_NO_COMMON_BLOCKS = YES;
				GCC_WARN_64_TO_32_BIT_CONVERSION = YES;
				GCC_WARN_ABOUT_RETURN_TYPE = YES_ERROR;
				GCC_WARN_UNDECLARED_SELECTOR = YES;
				GCC_WARN_UNINITIALIZED_AUTOS = YES_AGGRESSIVE;
				GCC_WARN_UNUSED_FUNCTION = YES;
				GCC_WARN_UNUSED_VARIABLE = YES;
				IPHONEOS_DEPLOYMENT_TARGET = 14.5;
				MTL_ENABLE_DEBUG_INFO = NO;
				MTL_FAST_MATH = YES;
				SDKROOT = iphoneos;
				SWIFT_COMPILATION_MODE = wholemodule;
				SWIFT_OPTIMIZATION_LEVEL = "-O";
				VALIDATE_PRODUCT = YES;
			};
			name = Release;
		};
		EE0CD1F626A2F973000FBA84 /* Debug */ = {
			isa = XCBuildConfiguration;
			buildSettings = {
				ASSETCATALOG_COMPILER_APPICON_NAME = AppIcon;
				ASSETCATALOG_COMPILER_GLOBAL_ACCENT_COLOR_NAME = AccentColor;
				CODE_SIGN_STYLE = Automatic;
				INFOPLIST_FILE = "lesson11 homeWork/Info.plist";
				LD_RUNPATH_SEARCH_PATHS = (
					"$(inherited)",
					"@executable_path/Frameworks",
				);
				PRODUCT_BUNDLE_IDENTIFIER = "com.tms1.lesson11-homeWork";
				PRODUCT_NAME = "$(TARGET_NAME)";
				SWIFT_VERSION = 5.0;
				TARGETED_DEVICE_FAMILY = "1,2";
			};
			name = Debug;
		};
		EE0CD1F726A2F973000FBA84 /* Release */ = {
			isa = XCBuildConfiguration;
			buildSettings = {
				ASSETCATALOG_COMPILER_APPICON_NAME = AppIcon;
				ASSETCATALOG_COMPILER_GLOBAL_ACCENT_COLOR_NAME = AccentColor;
				CODE_SIGN_STYLE = Automatic;
				INFOPLIST_FILE = "lesson11 homeWork/Info.plist";
				LD_RUNPATH_SEARCH_PATHS = (
					"$(inherited)",
					"@executable_path/Frameworks",
				);
				PRODUCT_BUNDLE_IDENTIFIER = "com.tms1.lesson11-homeWork";
				PRODUCT_NAME = "$(TARGET_NAME)";
				SWIFT_VERSION = 5.0;
				TARGETED_DEVICE_FAMILY = "1,2";
			};
			name = Release;
		};
/* End XCBuildConfiguration section */

/* Begin XCConfigurationList section */
		EE0CD1DC26A2F972000FBA84 /* Build configuration list for PBXProject "lesson11 homeWork" */ = {
			isa = XCConfigurationList;
			buildConfigurations = (
				EE0CD1F326A2F973000FBA84 /* Debug */,
				EE0CD1F426A2F973000FBA84 /* Release */,
			);
			defaultConfigurationIsVisible = 0;
			defaultConfigurationName = Release;
		};
		EE0CD1F526A2F973000FBA84 /* Build configuration list for PBXNativeTarget "lesson11 homeWork" */ = {
			isa = XCConfigurationList;
			buildConfigurations = (
				EE0CD1F626A2F973000FBA84 /* Debug */,
				EE0CD1F726A2F973000FBA84 /* Release */,
			);
			defaultConfigurationIsVisible = 0;
			defaultConfigurationName = Release;
		};
/* End XCConfigurationList section */
	};
	rootObject = EE0CD1D926A2F972000FBA84 /* Project object */;
}
