// !$*UTF8*$!
{
	archiveVersion = 1;
	classes = {
	};
	objectVersion = 51;
	objects = {

/* Begin PBXBuildFile section */
		D9ACD4B90A3F04AEE446466D /* Pods_lesson23_homeWork.framework in Frameworks */ = {isa = PBXBuildFile; fileRef = E4A7F5C6356049E77CA660D5 /* Pods_lesson23_homeWork.framework */; };
		EE25CF0F26F207610066DEF2 /* Weather3.mp4 in Resources */ = {isa = PBXBuildFile; fileRef = EE25CF0E26F207610066DEF2 /* Weather3.mp4 */; };
		EE323DD62713096D001EAD93 /* Dz.swift in Sources */ = {isa = PBXBuildFile; fileRef = EE323DD52713096D001EAD93 /* Dz.swift */; };
		EE4317C32725C26C00264FAB /* WeatherInMyLocationViewController.swift in Sources */ = {isa = PBXBuildFile; fileRef = EE4317C22725C26C00264FAB /* WeatherInMyLocationViewController.swift */; };
		EE4317C52725C2A400264FAB /* WeatherInMyLocationViewController.storyboard in Resources */ = {isa = PBXBuildFile; fileRef = EE4317C42725C2A400264FAB /* WeatherInMyLocationViewController.storyboard */; };
		EE58EEAB274BFC8C00C23C1E /* NewClass.swift in Sources */ = {isa = PBXBuildFile; fileRef = EE58EEAA274BFC8C00C23C1E /* NewClass.swift */; };
		EE5C66F327539BEC00B8B7B8 /* TabBarViewController.swift in Sources */ = {isa = PBXBuildFile; fileRef = EE5C66F227539BEC00B8B7B8 /* TabBarViewController.swift */; };
		EE5FEFF5274D69F000ED502F /* NewsTableViewCell.swift in Sources */ = {isa = PBXBuildFile; fileRef = EE5FEFF3274D69F000ED502F /* NewsTableViewCell.swift */; };
		EE5FEFF6274D69F000ED502F /* NewsTableViewCell.xib in Resources */ = {isa = PBXBuildFile; fileRef = EE5FEFF4274D69F000ED502F /* NewsTableViewCell.xib */; };
		EE7ECAC8275193C80000350E /* GoogleMapsViewController.swift in Sources */ = {isa = PBXBuildFile; fileRef = EE7ECAC7275193C80000350E /* GoogleMapsViewController.swift */; };
		EE848F98275278BF007A7ABF /* GoogleMapsViewController.storyboard in Resources */ = {isa = PBXBuildFile; fileRef = EE848F97275278BF007A7ABF /* GoogleMapsViewController.storyboard */; };
		EE848F9A27528652007A7ABF /* GoogleService-Info.plist in Resources */ = {isa = PBXBuildFile; fileRef = EE848F9927528652007A7ABF /* GoogleService-Info.plist */; };
		EE848F9D27529257007A7ABF /* RCManager.swift in Sources */ = {isa = PBXBuildFile; fileRef = EE848F9C27529257007A7ABF /* RCManager.swift */; };
		EE8C1737271381A0004CB560 /* UIViewController.swift in Sources */ = {isa = PBXBuildFile; fileRef = EE8C1736271381A0004CB560 /* UIViewController.swift */; };
		EE8C173927139025004CB560 /* SettingsManager.swift in Sources */ = {isa = PBXBuildFile; fileRef = EE8C173827139025004CB560 /* SettingsManager.swift */; };
		EE8EBB68274EBB8A00137152 /* SelectedNewsViewController.storyboard in Resources */ = {isa = PBXBuildFile; fileRef = EE8EBB67274EBB8A00137152 /* SelectedNewsViewController.storyboard */; };
		EE8EBB6A274EBBB100137152 /* SelectedNewsViewController.swift in Sources */ = {isa = PBXBuildFile; fileRef = EE8EBB69274EBBB100137152 /* SelectedNewsViewController.swift */; };
		EE918DDE26F7B5430099741A /* clear sky.mp4 in Resources */ = {isa = PBXBuildFile; fileRef = EE918DD526F7B5430099741A /* clear sky.mp4 */; };
		EE918DDF26F7B5430099741A /* rain.mp4 in Resources */ = {isa = PBXBuildFile; fileRef = EE918DD626F7B5430099741A /* rain.mp4 */; };
		EE918DE026F7B5430099741A /* mist.mp4 in Resources */ = {isa = PBXBuildFile; fileRef = EE918DD726F7B5430099741A /* mist.mp4 */; };
		EE918DE126F7B5430099741A /* scattered clouds.mp4 in Resources */ = {isa = PBXBuildFile; fileRef = EE918DD826F7B5430099741A /* scattered clouds.mp4 */; };
		EE918DE226F7B5430099741A /* shower rain.mp4 in Resources */ = {isa = PBXBuildFile; fileRef = EE918DD926F7B5430099741A /* shower rain.mp4 */; };
		EE918DE326F7B5430099741A /* snow.mp4 in Resources */ = {isa = PBXBuildFile; fileRef = EE918DDA26F7B5430099741A /* snow.mp4 */; };
		EE918DE426F7B5430099741A /* thunderstorm.mp4 in Resources */ = {isa = PBXBuildFile; fileRef = EE918DDB26F7B5430099741A /* thunderstorm.mp4 */; };
		EE918DE526F7B5430099741A /* broken clouds.mp4 in Resources */ = {isa = PBXBuildFile; fileRef = EE918DDC26F7B5430099741A /* broken clouds.mp4 */; };
		EE918DE626F7B5430099741A /* few clouds.mp4 in Resources */ = {isa = PBXBuildFile; fileRef = EE918DDD26F7B5430099741A /* few clouds.mp4 */; };
		EEA7B3CE2753F12F00981B1B /* MainScreenViewController.swift in Sources */ = {isa = PBXBuildFile; fileRef = EEA7B3CD2753F12F00981B1B /* MainScreenViewController.swift */; };
		EEA7B3D02753F14300981B1B /* MainScreenViewController.storyboard in Resources */ = {isa = PBXBuildFile; fileRef = EEA7B3CF2753F14300981B1B /* MainScreenViewController.storyboard */; };
		EEB8C7F026F633BA005C2376 /* WeatherViewController.swift in Sources */ = {isa = PBXBuildFile; fileRef = EEB8C7EF26F633BA005C2376 /* WeatherViewController.swift */; };
		EEBCCA672728819F0042C3C3 /* NewsViewController.swift in Sources */ = {isa = PBXBuildFile; fileRef = EEBCCA662728819F0042C3C3 /* NewsViewController.swift */; };
		EEBCCA69272881AE0042C3C3 /* NewsViewController.storyboard in Resources */ = {isa = PBXBuildFile; fileRef = EEBCCA68272881AE0042C3C3 /* NewsViewController.storyboard */; };
		EED1C2E62708B1FE0006CE6A /* RealmManager.swift in Sources */ = {isa = PBXBuildFile; fileRef = EED1C2E52708B1FE0006CE6A /* RealmManager.swift */; };
		EED1C2EA2708B2E70006CE6A /* UserHistory.swift in Sources */ = {isa = PBXBuildFile; fileRef = EED1C2E92708B2E70006CE6A /* UserHistory.swift */; };
		EED1C2EC2708C4B60006CE6A /* WeatherHistoryViewController.storyboard in Resources */ = {isa = PBXBuildFile; fileRef = EED1C2EB2708C4B60006CE6A /* WeatherHistoryViewController.storyboard */; };
		EED1C2EE2708C4F60006CE6A /* WeatherHistoryViewController.swift in Sources */ = {isa = PBXBuildFile; fileRef = EED1C2ED2708C4F60006CE6A /* WeatherHistoryViewController.swift */; };
		EED1C2F12708C7880006CE6A /* HistoryUserTableViewCelll.swift in Sources */ = {isa = PBXBuildFile; fileRef = EED1C2EF2708C7880006CE6A /* HistoryUserTableViewCelll.swift */; };
		EED1C2F22708C7880006CE6A /* HistoryUserTableViewCelll.xib in Resources */ = {isa = PBXBuildFile; fileRef = EED1C2F02708C7880006CE6A /* HistoryUserTableViewCelll.xib */; };
		EEE03FCA270A5CD2002D9F3A /* CLPlacemark+CoreKit.swift in Sources */ = {isa = PBXBuildFile; fileRef = EEE03FC9270A5CD2002D9F3A /* CLPlacemark+CoreKit.swift */; };
		EEE03FD1270A62EC002D9F3A /* WeatherViewController+ButtonSetings.swift in Sources */ = {isa = PBXBuildFile; fileRef = EEE03FD0270A62EC002D9F3A /* WeatherViewController+ButtonSetings.swift */; };
		EEE8439126E8E08B00C86F9F /* AppDelegate.swift in Sources */ = {isa = PBXBuildFile; fileRef = EEE8439026E8E08B00C86F9F /* AppDelegate.swift */; };
		EEE8439326E8E08B00C86F9F /* SceneDelegate.swift in Sources */ = {isa = PBXBuildFile; fileRef = EEE8439226E8E08B00C86F9F /* SceneDelegate.swift */; };
		EEE8439526E8E08B00C86F9F /* MainViewController.swift in Sources */ = {isa = PBXBuildFile; fileRef = EEE8439426E8E08B00C86F9F /* MainViewController.swift */; };
		EEE8439826E8E08B00C86F9F /* Main.storyboard in Resources */ = {isa = PBXBuildFile; fileRef = EEE8439626E8E08B00C86F9F /* Main.storyboard */; };
		EEE8439A26E8E08C00C86F9F /* Assets.xcassets in Resources */ = {isa = PBXBuildFile; fileRef = EEE8439926E8E08C00C86F9F /* Assets.xcassets */; };
		EEE8439D26E8E08C00C86F9F /* LaunchScreen.storyboard in Resources */ = {isa = PBXBuildFile; fileRef = EEE8439B26E8E08C00C86F9F /* LaunchScreen.storyboard */; };
		EEE843A526E8E2B400C86F9F /* WeatherViewController.storyboard in Resources */ = {isa = PBXBuildFile; fileRef = EEE843A426E8E2B400C86F9F /* WeatherViewController.storyboard */; };
		EEEFE67E2700ADF900D4E5B2 /* MapViewController.storyboard in Resources */ = {isa = PBXBuildFile; fileRef = EEEFE67D2700ADF900D4E5B2 /* MapViewController.storyboard */; };
		EEEFE6802700B0AE00D4E5B2 /* MapViewController.swift in Sources */ = {isa = PBXBuildFile; fileRef = EEEFE67F2700B0AE00D4E5B2 /* MapViewController.swift */; };
		EEFA662126F4EB84001FE191 /* HttpManager.swift in Sources */ = {isa = PBXBuildFile; fileRef = EEFA662026F4EB84001FE191 /* HttpManager.swift */; };
		EEFA662426F4EC57001FE191 /* ParseManager.swift in Sources */ = {isa = PBXBuildFile; fileRef = EEFA662326F4EC57001FE191 /* ParseManager.swift */; };
		EEFA662726F4EF45001FE191 /* WeatherClass.swift in Sources */ = {isa = PBXBuildFile; fileRef = EEFA662626F4EF45001FE191 /* WeatherClass.swift */; };
		EEFA662A26F4F824001FE191 /* APIKey.swift in Sources */ = {isa = PBXBuildFile; fileRef = EEFA662926F4F824001FE191 /* APIKey.swift */; };
		EEFAE5D527188E2900FAF78C /* Accessibility.framework in Frameworks */ = {isa = PBXBuildFile; fileRef = EEFAE5D427188E2900FAF78C /* Accessibility.framework */; };
/* End PBXBuildFile section */

/* Begin PBXFileReference section */
		17E6F20B4073C1C129E52A53 /* Pods-lesson23 homeWork.debug.xcconfig */ = {isa = PBXFileReference; includeInIndex = 1; lastKnownFileType = text.xcconfig; name = "Pods-lesson23 homeWork.debug.xcconfig"; path = "Target Support Files/Pods-lesson23 homeWork/Pods-lesson23 homeWork.debug.xcconfig"; sourceTree = "<group>"; };
		41F2420833E91580A8C79F72 /* Pods-lesson23 homeWork.release.xcconfig */ = {isa = PBXFileReference; includeInIndex = 1; lastKnownFileType = text.xcconfig; name = "Pods-lesson23 homeWork.release.xcconfig"; path = "Target Support Files/Pods-lesson23 homeWork/Pods-lesson23 homeWork.release.xcconfig"; sourceTree = "<group>"; };
		E4A7F5C6356049E77CA660D5 /* Pods_lesson23_homeWork.framework */ = {isa = PBXFileReference; explicitFileType = wrapper.framework; includeInIndex = 0; path = Pods_lesson23_homeWork.framework; sourceTree = BUILT_PRODUCTS_DIR; };
		EE25CF0E26F207610066DEF2 /* Weather3.mp4 */ = {isa = PBXFileReference; lastKnownFileType = file; path = Weather3.mp4; sourceTree = "<group>"; };
		EE323DD52713096D001EAD93 /* Dz.swift */ = {isa = PBXFileReference; lastKnownFileType = sourcecode.swift; path = Dz.swift; sourceTree = "<group>"; };
		EE4317C22725C26C00264FAB /* WeatherInMyLocationViewController.swift */ = {isa = PBXFileReference; lastKnownFileType = sourcecode.swift; path = WeatherInMyLocationViewController.swift; sourceTree = "<group>"; };
		EE4317C42725C2A400264FAB /* WeatherInMyLocationViewController.storyboard */ = {isa = PBXFileReference; lastKnownFileType = file.storyboard; path = WeatherInMyLocationViewController.storyboard; sourceTree = "<group>"; };
		EE58EEAA274BFC8C00C23C1E /* NewClass.swift */ = {isa = PBXFileReference; lastKnownFileType = sourcecode.swift; path = NewClass.swift; sourceTree = "<group>"; };
		EE5C66F227539BEC00B8B7B8 /* TabBarViewController.swift */ = {isa = PBXFileReference; lastKnownFileType = sourcecode.swift; path = TabBarViewController.swift; sourceTree = "<group>"; };
		EE5FEFF3274D69F000ED502F /* NewsTableViewCell.swift */ = {isa = PBXFileReference; lastKnownFileType = sourcecode.swift; path = NewsTableViewCell.swift; sourceTree = "<group>"; };
		EE5FEFF4274D69F000ED502F /* NewsTableViewCell.xib */ = {isa = PBXFileReference; lastKnownFileType = file.xib; path = NewsTableViewCell.xib; sourceTree = "<group>"; };
		EE7ECAC7275193C80000350E /* GoogleMapsViewController.swift */ = {isa = PBXFileReference; lastKnownFileType = sourcecode.swift; path = GoogleMapsViewController.swift; sourceTree = "<group>"; };
		EE848F97275278BF007A7ABF /* GoogleMapsViewController.storyboard */ = {isa = PBXFileReference; lastKnownFileType = file.storyboard; path = GoogleMapsViewController.storyboard; sourceTree = "<group>"; };
		EE848F9927528652007A7ABF /* GoogleService-Info.plist */ = {isa = PBXFileReference; fileEncoding = 4; lastKnownFileType = text.plist.xml; path = "GoogleService-Info.plist"; sourceTree = "<group>"; };
		EE848F9C27529257007A7ABF /* RCManager.swift */ = {isa = PBXFileReference; lastKnownFileType = sourcecode.swift; path = RCManager.swift; sourceTree = "<group>"; };
		EE8C1736271381A0004CB560 /* UIViewController.swift */ = {isa = PBXFileReference; lastKnownFileType = sourcecode.swift; path = UIViewController.swift; sourceTree = "<group>"; };
		EE8C173827139025004CB560 /* SettingsManager.swift */ = {isa = PBXFileReference; lastKnownFileType = sourcecode.swift; path = SettingsManager.swift; sourceTree = "<group>"; };
		EE8EBB67274EBB8A00137152 /* SelectedNewsViewController.storyboard */ = {isa = PBXFileReference; lastKnownFileType = file.storyboard; path = SelectedNewsViewController.storyboard; sourceTree = "<group>"; };
		EE8EBB69274EBBB100137152 /* SelectedNewsViewController.swift */ = {isa = PBXFileReference; lastKnownFileType = sourcecode.swift; path = SelectedNewsViewController.swift; sourceTree = "<group>"; };
		EE918DD526F7B5430099741A /* clear sky.mp4 */ = {isa = PBXFileReference; lastKnownFileType = file; path = "clear sky.mp4"; sourceTree = "<group>"; };
		EE918DD626F7B5430099741A /* rain.mp4 */ = {isa = PBXFileReference; lastKnownFileType = file; path = rain.mp4; sourceTree = "<group>"; };
		EE918DD726F7B5430099741A /* mist.mp4 */ = {isa = PBXFileReference; lastKnownFileType = file; path = mist.mp4; sourceTree = "<group>"; };
		EE918DD826F7B5430099741A /* scattered clouds.mp4 */ = {isa = PBXFileReference; lastKnownFileType = file; path = "scattered clouds.mp4"; sourceTree = "<group>"; };
		EE918DD926F7B5430099741A /* shower rain.mp4 */ = {isa = PBXFileReference; lastKnownFileType = file; path = "shower rain.mp4"; sourceTree = "<group>"; };
		EE918DDA26F7B5430099741A /* snow.mp4 */ = {isa = PBXFileReference; lastKnownFileType = file; path = snow.mp4; sourceTree = "<group>"; };
		EE918DDB26F7B5430099741A /* thunderstorm.mp4 */ = {isa = PBXFileReference; lastKnownFileType = file; path = thunderstorm.mp4; sourceTree = "<group>"; };
		EE918DDC26F7B5430099741A /* broken clouds.mp4 */ = {isa = PBXFileReference; lastKnownFileType = file; path = "broken clouds.mp4"; sourceTree = "<group>"; };
		EE918DDD26F7B5430099741A /* few clouds.mp4 */ = {isa = PBXFileReference; lastKnownFileType = file; path = "few clouds.mp4"; sourceTree = "<group>"; };
		EEA7B3CD2753F12F00981B1B /* MainScreenViewController.swift */ = {isa = PBXFileReference; lastKnownFileType = sourcecode.swift; path = MainScreenViewController.swift; sourceTree = "<group>"; };
		EEA7B3CF2753F14300981B1B /* MainScreenViewController.storyboard */ = {isa = PBXFileReference; lastKnownFileType = file.storyboard; path = MainScreenViewController.storyboard; sourceTree = "<group>"; };
		EEB8C7EF26F633BA005C2376 /* WeatherViewController.swift */ = {isa = PBXFileReference; lastKnownFileType = sourcecode.swift; path = WeatherViewController.swift; sourceTree = "<group>"; };
		EEBCCA662728819F0042C3C3 /* NewsViewController.swift */ = {isa = PBXFileReference; lastKnownFileType = sourcecode.swift; path = NewsViewController.swift; sourceTree = "<group>"; };
		EEBCCA68272881AE0042C3C3 /* NewsViewController.storyboard */ = {isa = PBXFileReference; lastKnownFileType = file.storyboard; path = NewsViewController.storyboard; sourceTree = "<group>"; };
		EED1C2E52708B1FE0006CE6A /* RealmManager.swift */ = {isa = PBXFileReference; lastKnownFileType = sourcecode.swift; path = RealmManager.swift; sourceTree = "<group>"; };
		EED1C2E92708B2E70006CE6A /* UserHistory.swift */ = {isa = PBXFileReference; lastKnownFileType = sourcecode.swift; path = UserHistory.swift; sourceTree = "<group>"; };
		EED1C2EB2708C4B60006CE6A /* WeatherHistoryViewController.storyboard */ = {isa = PBXFileReference; lastKnownFileType = file.storyboard; path = WeatherHistoryViewController.storyboard; sourceTree = "<group>"; };
		EED1C2ED2708C4F60006CE6A /* WeatherHistoryViewController.swift */ = {isa = PBXFileReference; lastKnownFileType = sourcecode.swift; path = WeatherHistoryViewController.swift; sourceTree = "<group>"; };
		EED1C2EF2708C7880006CE6A /* HistoryUserTableViewCelll.swift */ = {isa = PBXFileReference; lastKnownFileType = sourcecode.swift; path = HistoryUserTableViewCelll.swift; sourceTree = "<group>"; };
		EED1C2F02708C7880006CE6A /* HistoryUserTableViewCelll.xib */ = {isa = PBXFileReference; lastKnownFileType = file.xib; path = HistoryUserTableViewCelll.xib; sourceTree = "<group>"; };
		EEE03FC9270A5CD2002D9F3A /* CLPlacemark+CoreKit.swift */ = {isa = PBXFileReference; lastKnownFileType = sourcecode.swift; path = "CLPlacemark+CoreKit.swift"; sourceTree = "<group>"; };
		EEE03FD0270A62EC002D9F3A /* WeatherViewController+ButtonSetings.swift */ = {isa = PBXFileReference; lastKnownFileType = sourcecode.swift; path = "WeatherViewController+ButtonSetings.swift"; sourceTree = "<group>"; };
		EEE8438D26E8E08B00C86F9F /* lesson23 homeWork.app */ = {isa = PBXFileReference; explicitFileType = wrapper.application; includeInIndex = 0; path = "lesson23 homeWork.app"; sourceTree = BUILT_PRODUCTS_DIR; };
		EEE8439026E8E08B00C86F9F /* AppDelegate.swift */ = {isa = PBXFileReference; lastKnownFileType = sourcecode.swift; path = AppDelegate.swift; sourceTree = "<group>"; };
		EEE8439226E8E08B00C86F9F /* SceneDelegate.swift */ = {isa = PBXFileReference; lastKnownFileType = sourcecode.swift; path = SceneDelegate.swift; sourceTree = "<group>"; };
		EEE8439426E8E08B00C86F9F /* MainViewController.swift */ = {isa = PBXFileReference; lastKnownFileType = sourcecode.swift; path = MainViewController.swift; sourceTree = "<group>"; };
		EEE8439726E8E08B00C86F9F /* Base */ = {isa = PBXFileReference; lastKnownFileType = file.storyboard; name = Base; path = Base.lproj/Main.storyboard; sourceTree = "<group>"; };
		EEE8439926E8E08C00C86F9F /* Assets.xcassets */ = {isa = PBXFileReference; lastKnownFileType = folder.assetcatalog; path = Assets.xcassets; sourceTree = "<group>"; };
		EEE8439C26E8E08C00C86F9F /* Base */ = {isa = PBXFileReference; lastKnownFileType = file.storyboard; name = Base; path = Base.lproj/LaunchScreen.storyboard; sourceTree = "<group>"; };
		EEE8439E26E8E08C00C86F9F /* Info.plist */ = {isa = PBXFileReference; lastKnownFileType = text.plist.xml; path = Info.plist; sourceTree = "<group>"; };
		EEE843A426E8E2B400C86F9F /* WeatherViewController.storyboard */ = {isa = PBXFileReference; lastKnownFileType = file.storyboard; path = WeatherViewController.storyboard; sourceTree = "<group>"; };
		EEEFE67D2700ADF900D4E5B2 /* MapViewController.storyboard */ = {isa = PBXFileReference; lastKnownFileType = file.storyboard; path = MapViewController.storyboard; sourceTree = "<group>"; };
		EEEFE67F2700B0AE00D4E5B2 /* MapViewController.swift */ = {isa = PBXFileReference; lastKnownFileType = sourcecode.swift; path = MapViewController.swift; sourceTree = "<group>"; };
		EEFA662026F4EB84001FE191 /* HttpManager.swift */ = {isa = PBXFileReference; lastKnownFileType = sourcecode.swift; path = HttpManager.swift; sourceTree = "<group>"; };
		EEFA662326F4EC57001FE191 /* ParseManager.swift */ = {isa = PBXFileReference; lastKnownFileType = sourcecode.swift; path = ParseManager.swift; sourceTree = "<group>"; };
		EEFA662626F4EF45001FE191 /* WeatherClass.swift */ = {isa = PBXFileReference; lastKnownFileType = sourcecode.swift; path = WeatherClass.swift; sourceTree = "<group>"; };
		EEFA662926F4F824001FE191 /* APIKey.swift */ = {isa = PBXFileReference; lastKnownFileType = sourcecode.swift; path = APIKey.swift; sourceTree = "<group>"; };
		EEFAE5D427188E2900FAF78C /* Accessibility.framework */ = {isa = PBXFileReference; lastKnownFileType = wrapper.framework; name = Accessibility.framework; path = System/Library/Frameworks/Accessibility.framework; sourceTree = SDKROOT; };
/* End PBXFileReference section */

/* Begin PBXFrameworksBuildPhase section */
		EEE8438A26E8E08B00C86F9F /* Frameworks */ = {
			isa = PBXFrameworksBuildPhase;
			buildActionMask = 2147483647;
			files = (
				D9ACD4B90A3F04AEE446466D /* Pods_lesson23_homeWork.framework in Frameworks */,
				EEFAE5D527188E2900FAF78C /* Accessibility.framework in Frameworks */,
			);
			runOnlyForDeploymentPostprocessing = 0;
		};
/* End PBXFrameworksBuildPhase section */

/* Begin PBXGroup section */
		7FBCCC4A2E6FEBD741F9FA41 /* Pods */ = {
			isa = PBXGroup;
			children = (
				17E6F20B4073C1C129E52A53 /* Pods-lesson23 homeWork.debug.xcconfig */,
				41F2420833E91580A8C79F72 /* Pods-lesson23 homeWork.release.xcconfig */,
			);
			path = Pods;
			sourceTree = "<group>";
		};
		8669ECA515E7D9C2FF6EF5DA /* Frameworks */ = {
			isa = PBXGroup;
			children = (
				EEFAE5D427188E2900FAF78C /* Accessibility.framework */,
				E4A7F5C6356049E77CA660D5 /* Pods_lesson23_homeWork.framework */,
			);
			name = Frameworks;
			sourceTree = "<group>";
		};
		EE24D9E0270E55A1001CBB05 /* Support */ = {
			isa = PBXGroup;
			children = (
				EEE8439026E8E08B00C86F9F /* AppDelegate.swift */,
				EEE8439226E8E08B00C86F9F /* SceneDelegate.swift */,
				EEE8439B26E8E08C00C86F9F /* LaunchScreen.storyboard */,
				EEE8439926E8E08C00C86F9F /* Assets.xcassets */,
			);
			path = Support;
			sourceTree = "<group>";
		};
		EE25CF1826F239DB0066DEF2 /* Extensions */ = {
			isa = PBXGroup;
			children = (
				EEE03FC9270A5CD2002D9F3A /* CLPlacemark+CoreKit.swift */,
				EEE03FD0270A62EC002D9F3A /* WeatherViewController+ButtonSetings.swift */,
				EE8C1736271381A0004CB560 /* UIViewController.swift */,
			);
			path = Extensions;
			sourceTree = "<group>";
		};
		EE323DD42713095C001EAD93 /* Dz */ = {
			isa = PBXGroup;
			children = (
				EE323DD52713096D001EAD93 /* Dz.swift */,
			);
			path = Dz;
			sourceTree = "<group>";
		};
		EE5FEFF2274D69B700ED502F /* Cells */ = {
			isa = PBXGroup;
			children = (
				EEE84B6A270EEECF002B4F9A /* Weather */,
				EE8EBB66274EA2F800137152 /* News */,
			);
			path = Cells;
			sourceTree = "<group>";
		};
		EE6996EB26FA1DEB0054EEE8 /* Storyboards */ = {
			isa = PBXGroup;
			children = (
				EEE8439626E8E08B00C86F9F /* Main.storyboard */,
				EEA7B3CF2753F14300981B1B /* MainScreenViewController.storyboard */,
				EEE843A426E8E2B400C86F9F /* WeatherViewController.storyboard */,
				EEEFE67D2700ADF900D4E5B2 /* MapViewController.storyboard */,
				EE848F97275278BF007A7ABF /* GoogleMapsViewController.storyboard */,
				EED1C2EB2708C4B60006CE6A /* WeatherHistoryViewController.storyboard */,
				EE4317C42725C2A400264FAB /* WeatherInMyLocationViewController.storyboard */,
				EEBCCA68272881AE0042C3C3 /* NewsViewController.storyboard */,
				EE8EBB67274EBB8A00137152 /* SelectedNewsViewController.storyboard */,
			);
			path = Storyboards;
			sourceTree = "<group>";
		};
		EE6996EC26FA1E0D0054EEE8 /* ViewControllers */ = {
			isa = PBXGroup;
			children = (
				EEE8439426E8E08B00C86F9F /* MainViewController.swift */,
				EEA7B3CD2753F12F00981B1B /* MainScreenViewController.swift */,
				EEB8C7EF26F633BA005C2376 /* WeatherViewController.swift */,
				EEEFE67F2700B0AE00D4E5B2 /* MapViewController.swift */,
				EE7ECAC7275193C80000350E /* GoogleMapsViewController.swift */,
				EED1C2ED2708C4F60006CE6A /* WeatherHistoryViewController.swift */,
				EEBCCA662728819F0042C3C3 /* NewsViewController.swift */,
				EE8EBB69274EBBB100137152 /* SelectedNewsViewController.swift */,
				EE4317C22725C26C00264FAB /* WeatherInMyLocationViewController.swift */,
				EE5C66F227539BEC00B8B7B8 /* TabBarViewController.swift */,
			);
			path = ViewControllers;
			sourceTree = "<group>";
		};
		EE8EBB66274EA2F800137152 /* News */ = {
			isa = PBXGroup;
			children = (
				EE5FEFF3274D69F000ED502F /* NewsTableViewCell.swift */,
				EE5FEFF4274D69F000ED502F /* NewsTableViewCell.xib */,
			);
			path = News;
			sourceTree = "<group>";
		};
		EE918DD426F7B5430099741A /* Weather video */ = {
			isa = PBXGroup;
			children = (
				EE25CF0E26F207610066DEF2 /* Weather3.mp4 */,
				EE918DD526F7B5430099741A /* clear sky.mp4 */,
				EE918DD626F7B5430099741A /* rain.mp4 */,
				EE918DD726F7B5430099741A /* mist.mp4 */,
				EE918DD826F7B5430099741A /* scattered clouds.mp4 */,
				EE918DD926F7B5430099741A /* shower rain.mp4 */,
				EE918DDA26F7B5430099741A /* snow.mp4 */,
				EE918DDB26F7B5430099741A /* thunderstorm.mp4 */,
				EE918DDC26F7B5430099741A /* broken clouds.mp4 */,
				EE918DDD26F7B5430099741A /* few clouds.mp4 */,
			);
			path = "Weather video";
			sourceTree = "<group>";
		};
		EED1C2E82708B2C40006CE6A /* Models */ = {
			isa = PBXGroup;
			children = (
				EED1C2E92708B2E70006CE6A /* UserHistory.swift */,
				EEFA662626F4EF45001FE191 /* WeatherClass.swift */,
				EE58EEAA274BFC8C00C23C1E /* NewClass.swift */,
			);
			path = Models;
			sourceTree = "<group>";
		};
		EEE8438426E8E08B00C86F9F = {
			isa = PBXGroup;
			children = (
				EEE8438F26E8E08B00C86F9F /* lesson23 homeWork */,
				EEE8438E26E8E08B00C86F9F /* Products */,
				7FBCCC4A2E6FEBD741F9FA41 /* Pods */,
				8669ECA515E7D9C2FF6EF5DA /* Frameworks */,
			);
			sourceTree = "<group>";
		};
		EEE8438E26E8E08B00C86F9F /* Products */ = {
			isa = PBXGroup;
			children = (
				EEE8438D26E8E08B00C86F9F /* lesson23 homeWork.app */,
			);
			name = Products;
			sourceTree = "<group>";
		};
		EEE8438F26E8E08B00C86F9F /* lesson23 homeWork */ = {
			isa = PBXGroup;
			children = (
				EE5FEFF2274D69B700ED502F /* Cells */,
				EE323DD42713095C001EAD93 /* Dz */,
				EED1C2E82708B2C40006CE6A /* Models */,
				EE6996EC26FA1E0D0054EEE8 /* ViewControllers */,
				EE6996EB26FA1DEB0054EEE8 /* Storyboards */,
				EEFA662826F4F817001FE191 /* Keys */,
				EEFA662226F4EBC0001FE191 /* Managers */,
				EE25CF1826F239DB0066DEF2 /* Extensions */,
				EE918DD426F7B5430099741A /* Weather video */,
				EEE8439E26E8E08C00C86F9F /* Info.plist */,
				EE848F9927528652007A7ABF /* GoogleService-Info.plist */,
				EE24D9E0270E55A1001CBB05 /* Support */,
			);
			path = "lesson23 homeWork";
			sourceTree = "<group>";
		};
		EEE84B6A270EEECF002B4F9A /* Weather */ = {
			isa = PBXGroup;
			children = (
				EED1C2EF2708C7880006CE6A /* HistoryUserTableViewCelll.swift */,
				EED1C2F02708C7880006CE6A /* HistoryUserTableViewCelll.xib */,
			);
			path = Weather;
			sourceTree = "<group>";
		};
		EEFA662226F4EBC0001FE191 /* Managers */ = {
			isa = PBXGroup;
			children = (
				EEFA662026F4EB84001FE191 /* HttpManager.swift */,
				EEFA662326F4EC57001FE191 /* ParseManager.swift */,
				EED1C2E52708B1FE0006CE6A /* RealmManager.swift */,
				EE8C173827139025004CB560 /* SettingsManager.swift */,
				EE848F9C27529257007A7ABF /* RCManager.swift */,
			);
			path = Managers;
			sourceTree = "<group>";
		};
		EEFA662826F4F817001FE191 /* Keys */ = {
			isa = PBXGroup;
			children = (
				EEFA662926F4F824001FE191 /* APIKey.swift */,
			);
			path = Keys;
			sourceTree = "<group>";
		};
/* End PBXGroup section */

/* Begin PBXNativeTarget section */
		EEE8438C26E8E08B00C86F9F /* lesson23 homeWork */ = {
			isa = PBXNativeTarget;
			buildConfigurationList = EEE843A126E8E08C00C86F9F /* Build configuration list for PBXNativeTarget "lesson23 homeWork" */;
			buildPhases = (
				ADCEAAA26A77FDC04F83A2C5 /* [CP] Check Pods Manifest.lock */,
				EEE8438926E8E08B00C86F9F /* Sources */,
				EEE8438A26E8E08B00C86F9F /* Frameworks */,
				EEE8438B26E8E08B00C86F9F /* Resources */,
				1FC0A6382C2B01AF8F5F0A9D /* [CP] Embed Pods Frameworks */,
				A07EB105686146805BC405CD /* [CP] Copy Pods Resources */,
				EE848F9B27528BC5007A7ABF /* ShellScript */,
			);
			buildRules = (
			);
			dependencies = (
			);
			name = "lesson23 homeWork";
			productName = "lesson23 homeWork";
			productReference = EEE8438D26E8E08B00C86F9F /* lesson23 homeWork.app */;
			productType = "com.apple.product-type.application";
		};
/* End PBXNativeTarget section */

/* Begin PBXProject section */
		EEE8438526E8E08B00C86F9F /* Project object */ = {
			isa = PBXProject;
			attributes = {
				LastSwiftUpdateCheck = 1250;
				LastUpgradeCheck = 1250;
				TargetAttributes = {
					EEE8438C26E8E08B00C86F9F = {
						CreatedOnToolsVersion = 12.5.1;
					};
				};
			};
			buildConfigurationList = EEE8438826E8E08B00C86F9F /* Build configuration list for PBXProject "lesson23 homeWork" */;
			compatibilityVersion = "Xcode 9.3";
			developmentRegion = en;
			hasScannedForEncodings = 0;
			knownRegions = (
				en,
				Base,
			);
			mainGroup = EEE8438426E8E08B00C86F9F;
			productRefGroup = EEE8438E26E8E08B00C86F9F /* Products */;
			projectDirPath = "";
			projectRoot = "";
			targets = (
				EEE8438C26E8E08B00C86F9F /* lesson23 homeWork */,
			);
		};
/* End PBXProject section */

/* Begin PBXResourcesBuildPhase section */
		EEE8438B26E8E08B00C86F9F /* Resources */ = {
			isa = PBXResourcesBuildPhase;
			buildActionMask = 2147483647;
			files = (
				EEE8439D26E8E08C00C86F9F /* LaunchScreen.storyboard in Resources */,
				EE918DDF26F7B5430099741A /* rain.mp4 in Resources */,
				EED1C2EC2708C4B60006CE6A /* WeatherHistoryViewController.storyboard in Resources */,
				EEEFE67E2700ADF900D4E5B2 /* MapViewController.storyboard in Resources */,
				EEE843A526E8E2B400C86F9F /* WeatherViewController.storyboard in Resources */,
				EE848F98275278BF007A7ABF /* GoogleMapsViewController.storyboard in Resources */,
				EE918DDE26F7B5430099741A /* clear sky.mp4 in Resources */,
				EED1C2F22708C7880006CE6A /* HistoryUserTableViewCelll.xib in Resources */,
				EEBCCA69272881AE0042C3C3 /* NewsViewController.storyboard in Resources */,
				EE25CF0F26F207610066DEF2 /* Weather3.mp4 in Resources */,
				EE918DE626F7B5430099741A /* few clouds.mp4 in Resources */,
				EE918DE126F7B5430099741A /* scattered clouds.mp4 in Resources */,
				EE918DE526F7B5430099741A /* broken clouds.mp4 in Resources */,
				EEE8439A26E8E08C00C86F9F /* Assets.xcassets in Resources */,
				EE918DE426F7B5430099741A /* thunderstorm.mp4 in Resources */,
				EE8EBB68274EBB8A00137152 /* SelectedNewsViewController.storyboard in Resources */,
				EE5FEFF6274D69F000ED502F /* NewsTableViewCell.xib in Resources */,
				EE918DE226F7B5430099741A /* shower rain.mp4 in Resources */,
				EE918DE026F7B5430099741A /* mist.mp4 in Resources */,
				EE848F9A27528652007A7ABF /* GoogleService-Info.plist in Resources */,
				EE918DE326F7B5430099741A /* snow.mp4 in Resources */,
				EE4317C52725C2A400264FAB /* WeatherInMyLocationViewController.storyboard in Resources */,
				EEA7B3D02753F14300981B1B /* MainScreenViewController.storyboard in Resources */,
				EEE8439826E8E08B00C86F9F /* Main.storyboard in Resources */,
			);
			runOnlyForDeploymentPostprocessing = 0;
		};
/* End PBXResourcesBuildPhase section */

/* Begin PBXShellScriptBuildPhase section */
		1FC0A6382C2B01AF8F5F0A9D /* [CP] Embed Pods Frameworks */ = {
			isa = PBXShellScriptBuildPhase;
			buildActionMask = 2147483647;
			files = (
			);
			inputFileListPaths = (
				"${PODS_ROOT}/Target Support Files/Pods-lesson23 homeWork/Pods-lesson23 homeWork-frameworks-${CONFIGURATION}-input-files.xcfilelist",
			);
			name = "[CP] Embed Pods Frameworks";
			outputFileListPaths = (
				"${PODS_ROOT}/Target Support Files/Pods-lesson23 homeWork/Pods-lesson23 homeWork-frameworks-${CONFIGURATION}-output-files.xcfilelist",
			);
			runOnlyForDeploymentPostprocessing = 0;
			shellPath = /bin/sh;
			shellScript = "\"${PODS_ROOT}/Target Support Files/Pods-lesson23 homeWork/Pods-lesson23 homeWork-frameworks.sh\"\n";
			showEnvVarsInLog = 0;
		};
		A07EB105686146805BC405CD /* [CP] Copy Pods Resources */ = {
			isa = PBXShellScriptBuildPhase;
			buildActionMask = 2147483647;
			files = (
			);
			inputFileListPaths = (
				"${PODS_ROOT}/Target Support Files/Pods-lesson23 homeWork/Pods-lesson23 homeWork-resources-${CONFIGURATION}-input-files.xcfilelist",
			);
			name = "[CP] Copy Pods Resources";
			outputFileListPaths = (
				"${PODS_ROOT}/Target Support Files/Pods-lesson23 homeWork/Pods-lesson23 homeWork-resources-${CONFIGURATION}-output-files.xcfilelist",
			);
			runOnlyForDeploymentPostprocessing = 0;
			shellPath = /bin/sh;
			shellScript = "\"${PODS_ROOT}/Target Support Files/Pods-lesson23 homeWork/Pods-lesson23 homeWork-resources.sh\"\n";
			showEnvVarsInLog = 0;
		};
		ADCEAAA26A77FDC04F83A2C5 /* [CP] Check Pods Manifest.lock */ = {
			isa = PBXShellScriptBuildPhase;
			buildActionMask = 2147483647;
			files = (
			);
			inputFileListPaths = (
			);
			inputPaths = (
				"${PODS_PODFILE_DIR_PATH}/Podfile.lock",
				"${PODS_ROOT}/Manifest.lock",
			);
			name = "[CP] Check Pods Manifest.lock";
			outputFileListPaths = (
			);
			outputPaths = (
				"$(DERIVED_FILE_DIR)/Pods-lesson23 homeWork-checkManifestLockResult.txt",
			);
			runOnlyForDeploymentPostprocessing = 0;
			shellPath = /bin/sh;
			shellScript = "diff \"${PODS_PODFILE_DIR_PATH}/Podfile.lock\" \"${PODS_ROOT}/Manifest.lock\" > /dev/null\nif [ $? != 0 ] ; then\n    # print error to STDERR\n    echo \"error: The sandbox is not in sync with the Podfile.lock. Run 'pod install' or update your CocoaPods installation.\" >&2\n    exit 1\nfi\n# This output is used by Xcode 'outputs' to avoid re-running this script phase.\necho \"SUCCESS\" > \"${SCRIPT_OUTPUT_FILE_0}\"\n";
			showEnvVarsInLog = 0;
		};
		EE848F9B27528BC5007A7ABF /* ShellScript */ = {
			isa = PBXShellScriptBuildPhase;
			buildActionMask = 12;
			files = (
			);
			inputFileListPaths = (
			);
			inputPaths = (
			);
			outputFileListPaths = (
			);
			outputPaths = (
			);
			runOnlyForDeploymentPostprocessing = 0;
			shellPath = /bin/sh;
			shellScript = "# Type a script or drag a script file from your workspace to insert its path.\n\"${PODS_ROOT}/FirebaseCrashlytics/run\"\n";
		};
/* End PBXShellScriptBuildPhase section */

/* Begin PBXSourcesBuildPhase section */
		EEE8438926E8E08B00C86F9F /* Sources */ = {
			isa = PBXSourcesBuildPhase;
			buildActionMask = 2147483647;
			files = (
				EE8EBB6A274EBBB100137152 /* SelectedNewsViewController.swift in Sources */,
				EEEFE6802700B0AE00D4E5B2 /* MapViewController.swift in Sources */,
				EEE8439526E8E08B00C86F9F /* MainViewController.swift in Sources */,
				EED1C2E62708B1FE0006CE6A /* RealmManager.swift in Sources */,
				EE5C66F327539BEC00B8B7B8 /* TabBarViewController.swift in Sources */,
				EED1C2EE2708C4F60006CE6A /* WeatherHistoryViewController.swift in Sources */,
				EEB8C7F026F633BA005C2376 /* WeatherViewController.swift in Sources */,
				EE58EEAB274BFC8C00C23C1E /* NewClass.swift in Sources */,
				EEE8439126E8E08B00C86F9F /* AppDelegate.swift in Sources */,
				EEA7B3CE2753F12F00981B1B /* MainScreenViewController.swift in Sources */,
				EEE03FD1270A62EC002D9F3A /* WeatherViewController+ButtonSetings.swift in Sources */,
				EE5FEFF5274D69F000ED502F /* NewsTableViewCell.swift in Sources */,
				EEFA662426F4EC57001FE191 /* ParseManager.swift in Sources */,
				EED1C2EA2708B2E70006CE6A /* UserHistory.swift in Sources */,
				EE848F9D27529257007A7ABF /* RCManager.swift in Sources */,
				EEFA662726F4EF45001FE191 /* WeatherClass.swift in Sources */,
				EE323DD62713096D001EAD93 /* Dz.swift in Sources */,
				EE8C1737271381A0004CB560 /* UIViewController.swift in Sources */,
				EE7ECAC8275193C80000350E /* GoogleMapsViewController.swift in Sources */,
				EEE03FCA270A5CD2002D9F3A /* CLPlacemark+CoreKit.swift in Sources */,
				EEE8439326E8E08B00C86F9F /* SceneDelegate.swift in Sources */,
				EE4317C32725C26C00264FAB /* WeatherInMyLocationViewController.swift in Sources */,
				EEFA662A26F4F824001FE191 /* APIKey.swift in Sources */,
				EED1C2F12708C7880006CE6A /* HistoryUserTableViewCelll.swift in Sources */,
				EEBCCA672728819F0042C3C3 /* NewsViewController.swift in Sources */,
				EE8C173927139025004CB560 /* SettingsManager.swift in Sources */,
				EEFA662126F4EB84001FE191 /* HttpManager.swift in Sources */,
			);
			runOnlyForDeploymentPostprocessing = 0;
		};
/* End PBXSourcesBuildPhase section */

/* Begin PBXVariantGroup section */
		EEE8439626E8E08B00C86F9F /* Main.storyboard */ = {
			isa = PBXVariantGroup;
			children = (
				EEE8439726E8E08B00C86F9F /* Base */,
			);
			name = Main.storyboard;
			sourceTree = "<group>";
		};
		EEE8439B26E8E08C00C86F9F /* LaunchScreen.storyboard */ = {
			isa = PBXVariantGroup;
			children = (
				EEE8439C26E8E08C00C86F9F /* Base */,
			);
			name = LaunchScreen.storyboard;
			sourceTree = "<group>";
		};
/* End PBXVariantGroup section */

/* Begin XCBuildConfiguration section */
		EEE8439F26E8E08C00C86F9F /* Debug */ = {
			isa = XCBuildConfiguration;
			buildSettings = {
				ALWAYS_SEARCH_USER_PATHS = NO;
				CLANG_ANALYZER_NONNULL = YES;
				CLANG_ANALYZER_NUMBER_OBJECT_CONVERSION = YES_AGGRESSIVE;
				CLANG_CXX_LANGUAGE_STANDARD = "gnu++14";
				CLANG_CXX_LIBRARY = "libc++";
				CLANG_ENABLE_MODULES = YES;
				CLANG_ENABLE_OBJC_ARC = YES;
				CLANG_ENABLE_OBJC_WEAK = YES;
				CLANG_WARN_BLOCK_CAPTURE_AUTORELEASING = YES;
				CLANG_WARN_BOOL_CONVERSION = YES;
				CLANG_WARN_COMMA = YES;
				CLANG_WARN_CONSTANT_CONVERSION = YES;
				CLANG_WARN_DEPRECATED_OBJC_IMPLEMENTATIONS = YES;
				CLANG_WARN_DIRECT_OBJC_ISA_USAGE = YES_ERROR;
				CLANG_WARN_DOCUMENTATION_COMMENTS = YES;
				CLANG_WARN_EMPTY_BODY = YES;
				CLANG_WARN_ENUM_CONVERSION = YES;
				CLANG_WARN_INFINITE_RECURSION = YES;
				CLANG_WARN_INT_CONVERSION = YES;
				CLANG_WARN_NON_LITERAL_NULL_CONVERSION = YES;
				CLANG_WARN_OBJC_IMPLICIT_RETAIN_SELF = YES;
				CLANG_WARN_OBJC_LITERAL_CONVERSION = YES;
				CLANG_WARN_OBJC_ROOT_CLASS = YES_ERROR;
				CLANG_WARN_QUOTED_INCLUDE_IN_FRAMEWORK_HEADER = YES;
				CLANG_WARN_RANGE_LOOP_ANALYSIS = YES;
				CLANG_WARN_STRICT_PROTOTYPES = YES;
				CLANG_WARN_SUSPICIOUS_MOVE = YES;
				CLANG_WARN_UNGUARDED_AVAILABILITY = YES_AGGRESSIVE;
				CLANG_WARN_UNREACHABLE_CODE = YES;
				CLANG_WARN__DUPLICATE_METHOD_MATCH = YES;
				COPY_PHASE_STRIP = NO;
				DEBUG_INFORMATION_FORMAT = dwarf;
				ENABLE_STRICT_OBJC_MSGSEND = YES;
				ENABLE_TESTABILITY = YES;
				GCC_C_LANGUAGE_STANDARD = gnu11;
				GCC_DYNAMIC_NO_PIC = NO;
				GCC_NO_COMMON_BLOCKS = YES;
				GCC_OPTIMIZATION_LEVEL = 0;
				GCC_PREPROCESSOR_DEFINITIONS = (
					"DEBUG=1",
					"$(inherited)",
				);
				GCC_WARN_64_TO_32_BIT_CONVERSION = YES;
				GCC_WARN_ABOUT_RETURN_TYPE = YES_ERROR;
				GCC_WARN_UNDECLARED_SELECTOR = YES;
				GCC_WARN_UNINITIALIZED_AUTOS = YES_AGGRESSIVE;
				GCC_WARN_UNUSED_FUNCTION = YES;
				GCC_WARN_UNUSED_VARIABLE = YES;
				IPHONEOS_DEPLOYMENT_TARGET = 15.0;
				MTL_ENABLE_DEBUG_INFO = INCLUDE_SOURCE;
				MTL_FAST_MATH = YES;
				ONLY_ACTIVE_ARCH = YES;
				SDKROOT = iphoneos;
				SWIFT_ACTIVE_COMPILATION_CONDITIONS = DEBUG;
				SWIFT_OPTIMIZATION_LEVEL = "-Onone";
			};
			name = Debug;
		};
		EEE843A026E8E08C00C86F9F /* Release */ = {
			isa = XCBuildConfiguration;
			buildSettings = {
				ALWAYS_SEARCH_USER_PATHS = NO;
				CLANG_ANALYZER_NONNULL = YES;
				CLANG_ANALYZER_NUMBER_OBJECT_CONVERSION = YES_AGGRESSIVE;
				CLANG_CXX_LANGUAGE_STANDARD = "gnu++14";
				CLANG_CXX_LIBRARY = "libc++";
				CLANG_ENABLE_MODULES = YES;
				CLANG_ENABLE_OBJC_ARC = YES;
				CLANG_ENABLE_OBJC_WEAK = YES;
				CLANG_WARN_BLOCK_CAPTURE_AUTORELEASING = YES;
				CLANG_WARN_BOOL_CONVERSION = YES;
				CLANG_WARN_COMMA = YES;
				CLANG_WARN_CONSTANT_CONVERSION = YES;
				CLANG_WARN_DEPRECATED_OBJC_IMPLEMENTATIONS = YES;
				CLANG_WARN_DIRECT_OBJC_ISA_USAGE = YES_ERROR;
				CLANG_WARN_DOCUMENTATION_COMMENTS = YES;
				CLANG_WARN_EMPTY_BODY = YES;
				CLANG_WARN_ENUM_CONVERSION = YES;
				CLANG_WARN_INFINITE_RECURSION = YES;
				CLANG_WARN_INT_CONVERSION = YES;
				CLANG_WARN_NON_LITERAL_NULL_CONVERSION = YES;
				CLANG_WARN_OBJC_IMPLICIT_RETAIN_SELF = YES;
				CLANG_WARN_OBJC_LITERAL_CONVERSION = YES;
				CLANG_WARN_OBJC_ROOT_CLASS = YES_ERROR;
				CLANG_WARN_QUOTED_INCLUDE_IN_FRAMEWORK_HEADER = YES;
				CLANG_WARN_RANGE_LOOP_ANALYSIS = YES;
				CLANG_WARN_STRICT_PROTOTYPES = YES;
				CLANG_WARN_SUSPICIOUS_MOVE = YES;
				CLANG_WARN_UNGUARDED_AVAILABILITY = YES_AGGRESSIVE;
				CLANG_WARN_UNREACHABLE_CODE = YES;
				CLANG_WARN__DUPLICATE_METHOD_MATCH = YES;
				COPY_PHASE_STRIP = NO;
				DEBUG_INFORMATION_FORMAT = "dwarf-with-dsym";
				ENABLE_NS_ASSERTIONS = NO;
				ENABLE_STRICT_OBJC_MSGSEND = YES;
				GCC_C_LANGUAGE_STANDARD = gnu11;
				GCC_NO_COMMON_BLOCKS = YES;
				GCC_WARN_64_TO_32_BIT_CONVERSION = YES;
				GCC_WARN_ABOUT_RETURN_TYPE = YES_ERROR;
				GCC_WARN_UNDECLARED_SELECTOR = YES;
				GCC_WARN_UNINITIALIZED_AUTOS = YES_AGGRESSIVE;
				GCC_WARN_UNUSED_FUNCTION = YES;
				GCC_WARN_UNUSED_VARIABLE = YES;
				IPHONEOS_DEPLOYMENT_TARGET = 15.0;
				MTL_ENABLE_DEBUG_INFO = NO;
				MTL_FAST_MATH = YES;
				SDKROOT = iphoneos;
				SWIFT_COMPILATION_MODE = wholemodule;
				SWIFT_OPTIMIZATION_LEVEL = "-O";
				VALIDATE_PRODUCT = YES;
			};
			name = Release;
		};
		EEE843A226E8E08C00C86F9F /* Debug */ = {
			isa = XCBuildConfiguration;
			baseConfigurationReference = 17E6F20B4073C1C129E52A53 /* Pods-lesson23 homeWork.debug.xcconfig */;
			buildSettings = {
				ASSETCATALOG_COMPILER_APPICON_NAME = AppIcon;
				ASSETCATALOG_COMPILER_GLOBAL_ACCENT_COLOR_NAME = AccentColor;
				CODE_SIGN_STYLE = Automatic;
				INFOPLIST_FILE = "lesson23 homeWork/Info.plist";
				LD_RUNPATH_SEARCH_PATHS = (
					"$(inherited)",
					"@executable_path/Frameworks",
				);
				PRODUCT_BUNDLE_IDENTIFIER = "com.tms1.lesson23-homeWork";
				PRODUCT_NAME = "$(TARGET_NAME)";
				SWIFT_VERSION = 5.0;
				TARGETED_DEVICE_FAMILY = "1,2";
			};
			name = Debug;
		};
		EEE843A326E8E08C00C86F9F /* Release */ = {
			isa = XCBuildConfiguration;
			baseConfigurationReference = 41F2420833E91580A8C79F72 /* Pods-lesson23 homeWork.release.xcconfig */;
			buildSettings = {
				ASSETCATALOG_COMPILER_APPICON_NAME = AppIcon;
				ASSETCATALOG_COMPILER_GLOBAL_ACCENT_COLOR_NAME = AccentColor;
				CODE_SIGN_STYLE = Automatic;
				INFOPLIST_FILE = "lesson23 homeWork/Info.plist";
				LD_RUNPATH_SEARCH_PATHS = (
					"$(inherited)",
					"@executable_path/Frameworks",
				);
				PRODUCT_BUNDLE_IDENTIFIER = "com.tms1.lesson23-homeWork";
				PRODUCT_NAME = "$(TARGET_NAME)";
				SWIFT_VERSION = 5.0;
				TARGETED_DEVICE_FAMILY = "1,2";
			};
			name = Release;
		};
/* End XCBuildConfiguration section */

/* Begin XCConfigurationList section */
		EEE8438826E8E08B00C86F9F /* Build configuration list for PBXProject "lesson23 homeWork" */ = {
			isa = XCConfigurationList;
			buildConfigurations = (
				EEE8439F26E8E08C00C86F9F /* Debug */,
				EEE843A026E8E08C00C86F9F /* Release */,
			);
			defaultConfigurationIsVisible = 0;
			defaultConfigurationName = Release;
		};
		EEE843A126E8E08C00C86F9F /* Build configuration list for PBXNativeTarget "lesson23 homeWork" */ = {
			isa = XCConfigurationList;
			buildConfigurations = (
				EEE843A226E8E08C00C86F9F /* Debug */,
				EEE843A326E8E08C00C86F9F /* Release */,
			);
			defaultConfigurationIsVisible = 0;
			defaultConfigurationName = Release;
		};
/* End XCConfigurationList section */
	};
	rootObject = EEE8438526E8E08B00C86F9F /* Project object */;
}
