// !$*UTF8*$!
{
	archiveVersion = 1;
	classes = {
	};
	objectVersion = 55;
	objects = {

/* Begin PBXBuildFile section */
		EE3D1553275D12A30039A0D1 /* LoadingView.swift in Sources */ = {isa = PBXBuildFile; fileRef = EE3D1552275D12A30039A0D1 /* LoadingView.swift */; };
		EE3D1555275D14D00039A0D1 /* WeatherManager.swift in Sources */ = {isa = PBXBuildFile; fileRef = EE3D1554275D14D00039A0D1 /* WeatherManager.swift */; };
		EE3D1557275D1D8B0039A0D1 /* WeatherView.swift in Sources */ = {isa = PBXBuildFile; fileRef = EE3D1556275D1D8B0039A0D1 /* WeatherView.swift */; };
		EE3D1559275D20A70039A0D1 /* ModelData.swift in Sources */ = {isa = PBXBuildFile; fileRef = EE3D1558275D20A70039A0D1 /* ModelData.swift */; };
		EE3D155B275D22530039A0D1 /* weatherData.json in Resources */ = {isa = PBXBuildFile; fileRef = EE3D155A275D22530039A0D1 /* weatherData.json */; };
		EE3D155D275D27A10039A0D1 /* Extensions.swift in Sources */ = {isa = PBXBuildFile; fileRef = EE3D155C275D27A10039A0D1 /* Extensions.swift */; };
		EE3D1560275D32CA0039A0D1 /* WeatherRow.swift in Sources */ = {isa = PBXBuildFile; fileRef = EE3D155F275D32CA0039A0D1 /* WeatherRow.swift */; };
		EEF18D24275D013C00E23759 /* SwiftUIWeatherProjectApp.swift in Sources */ = {isa = PBXBuildFile; fileRef = EEF18D23275D013C00E23759 /* SwiftUIWeatherProjectApp.swift */; };
		EEF18D26275D013C00E23759 /* ContentView.swift in Sources */ = {isa = PBXBuildFile; fileRef = EEF18D25275D013C00E23759 /* ContentView.swift */; };
		EEF18D28275D013D00E23759 /* Assets.xcassets in Resources */ = {isa = PBXBuildFile; fileRef = EEF18D27275D013D00E23759 /* Assets.xcassets */; };
		EEF18D2B275D013D00E23759 /* Preview Assets.xcassets in Resources */ = {isa = PBXBuildFile; fileRef = EEF18D2A275D013D00E23759 /* Preview Assets.xcassets */; };
		EEF18D33275D025700E23759 /* LocationManager.swift in Sources */ = {isa = PBXBuildFile; fileRef = EEF18D32275D025700E23759 /* LocationManager.swift */; };
		EEF18D36275D051600E23759 /* WelcomeView.swift in Sources */ = {isa = PBXBuildFile; fileRef = EEF18D35275D051600E23759 /* WelcomeView.swift */; };
/* End PBXBuildFile section */

/* Begin PBXFileReference section */
		EE3D1552275D12A30039A0D1 /* LoadingView.swift */ = {isa = PBXFileReference; lastKnownFileType = sourcecode.swift; path = LoadingView.swift; sourceTree = "<group>"; };
		EE3D1554275D14D00039A0D1 /* WeatherManager.swift */ = {isa = PBXFileReference; lastKnownFileType = sourcecode.swift; path = WeatherManager.swift; sourceTree = "<group>"; };
		EE3D1556275D1D8B0039A0D1 /* WeatherView.swift */ = {isa = PBXFileReference; lastKnownFileType = sourcecode.swift; path = WeatherView.swift; sourceTree = "<group>"; };
		EE3D1558275D20A70039A0D1 /* ModelData.swift */ = {isa = PBXFileReference; lastKnownFileType = sourcecode.swift; path = ModelData.swift; sourceTree = "<group>"; };
		EE3D155A275D22530039A0D1 /* weatherData.json */ = {isa = PBXFileReference; lastKnownFileType = text.json; path = weatherData.json; sourceTree = "<group>"; };
		EE3D155C275D27A10039A0D1 /* Extensions.swift */ = {isa = PBXFileReference; lastKnownFileType = sourcecode.swift; path = Extensions.swift; sourceTree = "<group>"; };
		EE3D155F275D32CA0039A0D1 /* WeatherRow.swift */ = {isa = PBXFileReference; lastKnownFileType = sourcecode.swift; path = WeatherRow.swift; sourceTree = "<group>"; };
		EEF18D20275D013C00E23759 /* SwiftUIWeatherProject.app */ = {isa = PBXFileReference; explicitFileType = wrapper.application; includeInIndex = 0; path = SwiftUIWeatherProject.app; sourceTree = BUILT_PRODUCTS_DIR; };
		EEF18D23275D013C00E23759 /* SwiftUIWeatherProjectApp.swift */ = {isa = PBXFileReference; lastKnownFileType = sourcecode.swift; path = SwiftUIWeatherProjectApp.swift; sourceTree = "<group>"; };
		EEF18D25275D013C00E23759 /* ContentView.swift */ = {isa = PBXFileReference; lastKnownFileType = sourcecode.swift; path = ContentView.swift; sourceTree = "<group>"; };
		EEF18D27275D013D00E23759 /* Assets.xcassets */ = {isa = PBXFileReference; lastKnownFileType = folder.assetcatalog; path = Assets.xcassets; sourceTree = "<group>"; };
		EEF18D2A275D013D00E23759 /* Preview Assets.xcassets */ = {isa = PBXFileReference; lastKnownFileType = folder.assetcatalog; path = "Preview Assets.xcassets"; sourceTree = "<group>"; };
		EEF18D32275D025700E23759 /* LocationManager.swift */ = {isa = PBXFileReference; lastKnownFileType = sourcecode.swift; path = LocationManager.swift; sourceTree = "<group>"; };
		EEF18D35275D051600E23759 /* WelcomeView.swift */ = {isa = PBXFileReference; lastKnownFileType = sourcecode.swift; path = WelcomeView.swift; sourceTree = "<group>"; };
/* End PBXFileReference section */

/* Begin PBXFrameworksBuildPhase section */
		EEF18D1D275D013C00E23759 /* Frameworks */ = {
			isa = PBXFrameworksBuildPhase;
			buildActionMask = 2147483647;
			files = (
			);
			runOnlyForDeploymentPostprocessing = 0;
		};
/* End PBXFrameworksBuildPhase section */

/* Begin PBXGroup section */
		EE3D155E275D32A90039A0D1 /* Components */ = {
			isa = PBXGroup;
			children = (
				EE3D155F275D32CA0039A0D1 /* WeatherRow.swift */,
			);
			path = Components;
			sourceTree = "<group>";
		};
		EEF18D17275D013C00E23759 = {
			isa = PBXGroup;
			children = (
				EEF18D22275D013C00E23759 /* SwiftUIWeatherProject */,
				EEF18D21275D013C00E23759 /* Products */,
			);
			sourceTree = "<group>";
		};
		EEF18D21275D013C00E23759 /* Products */ = {
			isa = PBXGroup;
			children = (
				EEF18D20275D013C00E23759 /* SwiftUIWeatherProject.app */,
			);
			name = Products;
			sourceTree = "<group>";
		};
		EEF18D22275D013C00E23759 /* SwiftUIWeatherProject */ = {
			isa = PBXGroup;
			children = (
				EE3D155E275D32A90039A0D1 /* Components */,
				EEF18D23275D013C00E23759 /* SwiftUIWeatherProjectApp.swift */,
				EEF18D34275D046000E23759 /* Views */,
				EEF18D31275D023C00E23759 /* Managers */,
				EE3D155C275D27A10039A0D1 /* Extensions.swift */,
				EEF18D27275D013D00E23759 /* Assets.xcassets */,
				EEF18D29275D013D00E23759 /* Preview Content */,
			);
			path = SwiftUIWeatherProject;
			sourceTree = "<group>";
		};
		EEF18D29275D013D00E23759 /* Preview Content */ = {
			isa = PBXGroup;
			children = (
				EEF18D2A275D013D00E23759 /* Preview Assets.xcassets */,
				EE3D1558275D20A70039A0D1 /* ModelData.swift */,
				EE3D155A275D22530039A0D1 /* weatherData.json */,
			);
			path = "Preview Content";
			sourceTree = "<group>";
		};
		EEF18D31275D023C00E23759 /* Managers */ = {
			isa = PBXGroup;
			children = (
				EEF18D32275D025700E23759 /* LocationManager.swift */,
				EE3D1554275D14D00039A0D1 /* WeatherManager.swift */,
			);
			path = Managers;
			sourceTree = "<group>";
		};
		EEF18D34275D046000E23759 /* Views */ = {
			isa = PBXGroup;
			children = (
				EEF18D25275D013C00E23759 /* ContentView.swift */,
				EEF18D35275D051600E23759 /* WelcomeView.swift */,
				EE3D1552275D12A30039A0D1 /* LoadingView.swift */,
				EE3D1556275D1D8B0039A0D1 /* WeatherView.swift */,
			);
			path = Views;
			sourceTree = "<group>";
		};
/* End PBXGroup section */

/* Begin PBXNativeTarget section */
		EEF18D1F275D013C00E23759 /* SwiftUIWeatherProject */ = {
			isa = PBXNativeTarget;
			buildConfigurationList = EEF18D2E275D013D00E23759 /* Build configuration list for PBXNativeTarget "SwiftUIWeatherProject" */;
			buildPhases = (
				EEF18D1C275D013C00E23759 /* Sources */,
				EEF18D1D275D013C00E23759 /* Frameworks */,
				EEF18D1E275D013C00E23759 /* Resources */,
			);
			buildRules = (
			);
			dependencies = (
			);
			name = SwiftUIWeatherProject;
			productName = SwiftUIWeatherProject;
			productReference = EEF18D20275D013C00E23759 /* SwiftUIWeatherProject.app */;
			productType = "com.apple.product-type.application";
		};
/* End PBXNativeTarget section */

/* Begin PBXProject section */
		EEF18D18275D013C00E23759 /* Project object */ = {
			isa = PBXProject;
			attributes = {
				BuildIndependentTargetsInParallel = 1;
				LastSwiftUpdateCheck = 1300;
				LastUpgradeCheck = 1300;
				TargetAttributes = {
					EEF18D1F275D013C00E23759 = {
						CreatedOnToolsVersion = 13.0;
					};
				};
			};
			buildConfigurationList = EEF18D1B275D013C00E23759 /* Build configuration list for PBXProject "SwiftUIWeatherProject" */;
			compatibilityVersion = "Xcode 13.0";
			developmentRegion = en;
			hasScannedForEncodings = 0;
			knownRegions = (
				en,
				Base,
			);
			mainGroup = EEF18D17275D013C00E23759;
			productRefGroup = EEF18D21275D013C00E23759 /* Products */;
			projectDirPath = "";
			projectRoot = "";
			targets = (
				EEF18D1F275D013C00E23759 /* SwiftUIWeatherProject */,
			);
		};
/* End PBXProject section */

/* Begin PBXResourcesBuildPhase section */
		EEF18D1E275D013C00E23759 /* Resources */ = {
			isa = PBXResourcesBuildPhase;
			buildActionMask = 2147483647;
			files = (
				EEF18D2B275D013D00E23759 /* Preview Assets.xcassets in Resources */,
				EE3D155B275D22530039A0D1 /* weatherData.json in Resources */,
				EEF18D28275D013D00E23759 /* Assets.xcassets in Resources */,
			);
			runOnlyForDeploymentPostprocessing = 0;
		};
/* End PBXResourcesBuildPhase section */

/* Begin PBXSourcesBuildPhase section */
		EEF18D1C275D013C00E23759 /* Sources */ = {
			isa = PBXSourcesBuildPhase;
			buildActionMask = 2147483647;
			files = (
				EE3D1555275D14D00039A0D1 /* WeatherManager.swift in Sources */,
				EE3D155D275D27A10039A0D1 /* Extensions.swift in Sources */,
				EEF18D26275D013C00E23759 /* ContentView.swift in Sources */,
				EEF18D24275D013C00E23759 /* SwiftUIWeatherProjectApp.swift in Sources */,
				EEF18D33275D025700E23759 /* LocationManager.swift in Sources */,
				EE3D1560275D32CA0039A0D1 /* WeatherRow.swift in Sources */,
				EE3D1553275D12A30039A0D1 /* LoadingView.swift in Sources */,
				EE3D1559275D20A70039A0D1 /* ModelData.swift in Sources */,
				EE3D1557275D1D8B0039A0D1 /* WeatherView.swift in Sources */,
				EEF18D36275D051600E23759 /* WelcomeView.swift in Sources */,
			);
			runOnlyForDeploymentPostprocessing = 0;
		};
/* End PBXSourcesBuildPhase section */

/* Begin XCBuildConfiguration section */
		EEF18D2C275D013D00E23759 /* Debug */ = {
			isa = XCBuildConfiguration;
			buildSettings = {
				ALWAYS_SEARCH_USER_PATHS = NO;
				CLANG_ANALYZER_NONNULL = YES;
				CLANG_ANALYZER_NUMBER_OBJECT_CONVERSION = YES_AGGRESSIVE;
				CLANG_CXX_LANGUAGE_STANDARD = "gnu++17";
				CLANG_CXX_LIBRARY = "libc++";
				CLANG_ENABLE_MODULES = YES;
				CLANG_ENABLE_OBJC_ARC = YES;
				CLANG_ENABLE_OBJC_WEAK = YES;
				CLANG_WARN_BLOCK_CAPTURE_AUTORELEASING = YES;
				CLANG_WARN_BOOL_CONVERSION = YES;
				CLANG_WARN_COMMA = YES;
				CLANG_WARN_CONSTANT_CONVERSION = YES;
				CLANG_WARN_DEPRECATED_OBJC_IMPLEMENTATIONS = YES;
				CLANG_WARN_DIRECT_OBJC_ISA_USAGE = YES_ERROR;
				CLANG_WARN_DOCUMENTATION_COMMENTS = YES;
				CLANG_WARN_EMPTY_BODY = YES;
				CLANG_WARN_ENUM_CONVERSION = YES;
				CLANG_WARN_INFINITE_RECURSION = YES;
				CLANG_WARN_INT_CONVERSION = YES;
				CLANG_WARN_NON_LITERAL_NULL_CONVERSION = YES;
				CLANG_WARN_OBJC_IMPLICIT_RETAIN_SELF = YES;
				CLANG_WARN_OBJC_LITERAL_CONVERSION = YES;
				CLANG_WARN_OBJC_ROOT_CLASS = YES_ERROR;
				CLANG_WARN_QUOTED_INCLUDE_IN_FRAMEWORK_HEADER = YES;
				CLANG_WARN_RANGE_LOOP_ANALYSIS = YES;
				CLANG_WARN_STRICT_PROTOTYPES = YES;
				CLANG_WARN_SUSPICIOUS_MOVE = YES;
				CLANG_WARN_UNGUARDED_AVAILABILITY = YES_AGGRESSIVE;
				CLANG_WARN_UNREACHABLE_CODE = YES;
				CLANG_WARN__DUPLICATE_METHOD_MATCH = YES;
				COPY_PHASE_STRIP = NO;
				DEBUG_INFORMATION_FORMAT = dwarf;
				ENABLE_STRICT_OBJC_MSGSEND = YES;
				ENABLE_TESTABILITY = YES;
				GCC_C_LANGUAGE_STANDARD = gnu11;
				GCC_DYNAMIC_NO_PIC = NO;
				GCC_NO_COMMON_BLOCKS = YES;
				GCC_OPTIMIZATION_LEVEL = 0;
				GCC_PREPROCESSOR_DEFINITIONS = (
					"DEBUG=1",
					"$(inherited)",
				);
				GCC_WARN_64_TO_32_BIT_CONVERSION = YES;
				GCC_WARN_ABOUT_RETURN_TYPE = YES_ERROR;
				GCC_WARN_UNDECLARED_SELECTOR = YES;
				GCC_WARN_UNINITIALIZED_AUTOS = YES_AGGRESSIVE;
				GCC_WARN_UNUSED_FUNCTION = YES;
				GCC_WARN_UNUSED_VARIABLE = YES;
				IPHONEOS_DEPLOYMENT_TARGET = 15.0;
				MTL_ENABLE_DEBUG_INFO = INCLUDE_SOURCE;
				MTL_FAST_MATH = YES;
				ONLY_ACTIVE_ARCH = YES;
				SDKROOT = iphoneos;
				SWIFT_ACTIVE_COMPILATION_CONDITIONS = DEBUG;
				SWIFT_OPTIMIZATION_LEVEL = "-Onone";
			};
			name = Debug;
		};
		EEF18D2D275D013D00E23759 /* Release */ = {
			isa = XCBuildConfiguration;
			buildSettings = {
				ALWAYS_SEARCH_USER_PATHS = NO;
				CLANG_ANALYZER_NONNULL = YES;
				CLANG_ANALYZER_NUMBER_OBJECT_CONVERSION = YES_AGGRESSIVE;
				CLANG_CXX_LANGUAGE_STANDARD = "gnu++17";
				CLANG_CXX_LIBRARY = "libc++";
				CLANG_ENABLE_MODULES = YES;
				CLANG_ENABLE_OBJC_ARC = YES;
				CLANG_ENABLE_OBJC_WEAK = YES;
				CLANG_WARN_BLOCK_CAPTURE_AUTORELEASING = YES;
				CLANG_WARN_BOOL_CONVERSION = YES;
				CLANG_WARN_COMMA = YES;
				CLANG_WARN_CONSTANT_CONVERSION = YES;
				CLANG_WARN_DEPRECATED_OBJC_IMPLEMENTATIONS = YES;
				CLANG_WARN_DIRECT_OBJC_ISA_USAGE = YES_ERROR;
				CLANG_WARN_DOCUMENTATION_COMMENTS = YES;
				CLANG_WARN_EMPTY_BODY = YES;
				CLANG_WARN_ENUM_CONVERSION = YES;
				CLANG_WARN_INFINITE_RECURSION = YES;
				CLANG_WARN_INT_CONVERSION = YES;
				CLANG_WARN_NON_LITERAL_NULL_CONVERSION = YES;
				CLANG_WARN_OBJC_IMPLICIT_RETAIN_SELF = YES;
				CLANG_WARN_OBJC_LITERAL_CONVERSION = YES;
				CLANG_WARN_OBJC_ROOT_CLASS = YES_ERROR;
				CLANG_WARN_QUOTED_INCLUDE_IN_FRAMEWORK_HEADER = YES;
				CLANG_WARN_RANGE_LOOP_ANALYSIS = YES;
				CLANG_WARN_STRICT_PROTOTYPES = YES;
				CLANG_WARN_SUSPICIOUS_MOVE = YES;
				CLANG_WARN_UNGUARDED_AVAILABILITY = YES_AGGRESSIVE;
				CLANG_WARN_UNREACHABLE_CODE = YES;
				CLANG_WARN__DUPLICATE_METHOD_MATCH = YES;
				COPY_PHASE_STRIP = NO;
				DEBUG_INFORMATION_FORMAT = "dwarf-with-dsym";
				ENABLE_NS_ASSERTIONS = NO;
				ENABLE_STRICT_OBJC_MSGSEND = YES;
				GCC_C_LANGUAGE_STANDARD = gnu11;
				GCC_NO_COMMON_BLOCKS = YES;
				GCC_WARN_64_TO_32_BIT_CONVERSION = YES;
				GCC_WARN_ABOUT_RETURN_TYPE = YES_ERROR;
				GCC_WARN_UNDECLARED_SELECTOR = YES;
				GCC_WARN_UNINITIALIZED_AUTOS = YES_AGGRESSIVE;
				GCC_WARN_UNUSED_FUNCTION = YES;
				GCC_WARN_UNUSED_VARIABLE = YES;
				IPHONEOS_DEPLOYMENT_TARGET = 15.0;
				MTL_ENABLE_DEBUG_INFO = NO;
				MTL_FAST_MATH = YES;
				SDKROOT = iphoneos;
				SWIFT_COMPILATION_MODE = wholemodule;
				SWIFT_OPTIMIZATION_LEVEL = "-O";
				VALIDATE_PRODUCT = YES;
			};
			name = Release;
		};
		EEF18D2F275D013D00E23759 /* Debug */ = {
			isa = XCBuildConfiguration;
			buildSettings = {
				ASSETCATALOG_COMPILER_APPICON_NAME = AppIcon;
				ASSETCATALOG_COMPILER_GLOBAL_ACCENT_COLOR_NAME = AccentColor;
				CODE_SIGN_STYLE = Automatic;
				CURRENT_PROJECT_VERSION = 1;
				DEVELOPMENT_ASSET_PATHS = "\"SwiftUIWeatherProject/Preview Content\"";
				ENABLE_PREVIEWS = YES;
				GENERATE_INFOPLIST_FILE = YES;
				INFOPLIST_KEY_UIApplicationSceneManifest_Generation = YES;
				INFOPLIST_KEY_UIApplicationSupportsIndirectInputEvents = YES;
				INFOPLIST_KEY_UILaunchScreen_Generation = YES;
				INFOPLIST_KEY_UISupportedInterfaceOrientations_iPad = "UIInterfaceOrientationPortrait UIInterfaceOrientationPortraitUpsideDown UIInterfaceOrientationLandscapeLeft UIInterfaceOrientationLandscapeRight";
				INFOPLIST_KEY_UISupportedInterfaceOrientations_iPhone = "UIInterfaceOrientationPortrait UIInterfaceOrientationLandscapeLeft UIInterfaceOrientationLandscapeRight";
				IPHONEOS_DEPLOYMENT_TARGET = 15.0;
				LD_RUNPATH_SEARCH_PATHS = (
					"$(inherited)",
					"@executable_path/Frameworks",
				);
				MARKETING_VERSION = 1.0;
				PRODUCT_BUNDLE_IDENTIFIER = ZakrevskiZhenya.SwiftUIWeatherProject;
				PRODUCT_NAME = "$(TARGET_NAME)";
				SWIFT_EMIT_LOC_STRINGS = YES;
				SWIFT_VERSION = 5.0;
				TARGETED_DEVICE_FAMILY = "1,2";
			};
			name = Debug;
		};
		EEF18D30275D013D00E23759 /* Release */ = {
			isa = XCBuildConfiguration;
			buildSettings = {
				ASSETCATALOG_COMPILER_APPICON_NAME = AppIcon;
				ASSETCATALOG_COMPILER_GLOBAL_ACCENT_COLOR_NAME = AccentColor;
				CODE_SIGN_STYLE = Automatic;
				CURRENT_PROJECT_VERSION = 1;
				DEVELOPMENT_ASSET_PATHS = "\"SwiftUIWeatherProject/Preview Content\"";
				ENABLE_PREVIEWS = YES;
				GENERATE_INFOPLIST_FILE = YES;
				INFOPLIST_KEY_UIApplicationSceneManifest_Generation = YES;
				INFOPLIST_KEY_UIApplicationSupportsIndirectInputEvents = YES;
				INFOPLIST_KEY_UILaunchScreen_Generation = YES;
				INFOPLIST_KEY_UISupportedInterfaceOrientations_iPad = "UIInterfaceOrientationPortrait UIInterfaceOrientationPortraitUpsideDown UIInterfaceOrientationLandscapeLeft UIInterfaceOrientationLandscapeRight";
				INFOPLIST_KEY_UISupportedInterfaceOrientations_iPhone = "UIInterfaceOrientationPortrait UIInterfaceOrientationLandscapeLeft UIInterfaceOrientationLandscapeRight";
				IPHONEOS_DEPLOYMENT_TARGET = 15.0;
				LD_RUNPATH_SEARCH_PATHS = (
					"$(inherited)",
					"@executable_path/Frameworks",
				);
				MARKETING_VERSION = 1.0;
				PRODUCT_BUNDLE_IDENTIFIER = ZakrevskiZhenya.SwiftUIWeatherProject;
				PRODUCT_NAME = "$(TARGET_NAME)";
				SWIFT_EMIT_LOC_STRINGS = YES;
				SWIFT_VERSION = 5.0;
				TARGETED_DEVICE_FAMILY = "1,2";
			};
			name = Release;
		};
/* End XCBuildConfiguration section */

/* Begin XCConfigurationList section */
		EEF18D1B275D013C00E23759 /* Build configuration list for PBXProject "SwiftUIWeatherProject" */ = {
			isa = XCConfigurationList;
			buildConfigurations = (
				EEF18D2C275D013D00E23759 /* Debug */,
				EEF18D2D275D013D00E23759 /* Release */,
			);
			defaultConfigurationIsVisible = 0;
			defaultConfigurationName = Release;
		};
		EEF18D2E275D013D00E23759 /* Build configuration list for PBXNativeTarget "SwiftUIWeatherProject" */ = {
			isa = XCConfigurationList;
			buildConfigurations = (
				EEF18D2F275D013D00E23759 /* Debug */,
				EEF18D30275D013D00E23759 /* Release */,
			);
			defaultConfigurationIsVisible = 0;
			defaultConfigurationName = Release;
		};
/* End XCConfigurationList section */
	};
	rootObject = EEF18D18275D013C00E23759 /* Project object */;
}
